
Microsoft Visual Studio Solution File, Format Version 12.00
# Visual Studio 15
VisualStudioVersion = 15.0.26124.0
MinimumVisualStudioVersion = 15.0.26124.0
Project("{FAE04EC0-301F-11D3-BF4B-00C04F79EFBC}") = "MMOpenRPG.Framework", "MMOpenRPG.Framework\MMOpenRPG.Framework.csproj", "{CD515957-0A2E-4356-91AB-23AC8C2BC41E}"
EndProject
Project("{FAE04EC0-301F-11D3-BF4B-00C04F79EFBC}") = "MMOpenRPG.ExampleConsumer", "MMOpenRPG.ExampleConsumer\MMOpenRPG.ExampleConsumer.csproj", "{B526C895-C33D-4B8E-8322-101D6980A95B}"
EndProject
Global
	GlobalSection(SolutionConfigurationPlatforms) = preSolution
		Debug|Any CPU = Debug|Any CPU
		Debug|x64 = Debug|x64
		Debug|x86 = Debug|x86
		Release|Any CPU = Release|Any CPU
		Release|x64 = Release|x64
		Release|x86 = Release|x86
	EndGlobalSection
	GlobalSection(SolutionProperties) = preSolution
		HideSolutionNode = FALSE
	EndGlobalSection
	GlobalSection(ProjectConfigurationPlatforms) = postSolution
		{CD515957-0A2E-4356-91AB-23AC8C2BC41E}.Debug|Any CPU.ActiveCfg = Debug|Any CPU
		{CD515957-0A2E-4356-91AB-23AC8C2BC41E}.Debug|Any CPU.Build.0 = Debug|Any CPU
		{CD515957-0A2E-4356-91AB-23AC8C2BC41E}.Debug|x64.ActiveCfg = Debug|Any CPU
		{CD515957-0A2E-4356-91AB-23AC8C2BC41E}.Debug|x64.Build.0 = Debug|Any CPU
		{CD515957-0A2E-4356-91AB-23AC8C2BC41E}.Debug|x86.ActiveCfg = Debug|Any CPU
		{CD515957-0A2E-4356-91AB-23AC8C2BC41E}.Debug|x86.Build.0 = Debug|Any CPU
		{CD515957-0A2E-4356-91AB-23AC8C2BC41E}.Release|Any CPU.ActiveCfg = Release|Any CPU
		{CD515957-0A2E-4356-91AB-23AC8C2BC41E}.Release|Any CPU.Build.0 = Release|Any CPU
		{CD515957-0A2E-4356-91AB-23AC8C2BC41E}.Release|x64.ActiveCfg = Release|Any CPU
		{CD515957-0A2E-4356-91AB-23AC8C2BC41E}.Release|x64.Build.0 = Release|Any CPU
		{CD515957-0A2E-4356-91AB-23AC8C2BC41E}.Release|x86.ActiveCfg = Release|Any CPU
		{CD515957-0A2E-4356-91AB-23AC8C2BC41E}.Release|x86.Build.0 = Release|Any CPU
		{B526C895-C33D-4B8E-8322-101D6980A95B}.Debug|Any CPU.ActiveCfg = Debug|Any CPU
		{B526C895-C33D-4B8E-8322-101D6980A95B}.Debug|Any CPU.Build.0 = Debug|Any CPU
		{B526C895-C33D-4B8E-8322-101D6980A95B}.Debug|x64.ActiveCfg = Debug|Any CPU
		{B526C895-C33D-4B8E-8322-101D6980A95B}.Debug|x64.Build.0 = Debug|Any CPU
		{B526C895-C33D-4B8E-8322-101D6980A95B}.Debug|x86.ActiveCfg = Debug|Any CPU
		{B526C895-C33D-4B8E-8322-101D6980A95B}.Debug|x86.Build.0 = Debug|Any CPU
		{B526C895-C33D-4B8E-8322-101D6980A95B}.Release|Any CPU.ActiveCfg = Release|Any CPU
		{B526C895-C33D-4B8E-8322-101D6980A95B}.Release|Any CPU.Build.0 = Release|Any CPU
		{B526C895-C33D-4B8E-8322-101D6980A95B}.Release|x64.ActiveCfg = Release|Any CPU
		{B526C895-C33D-4B8E-8322-101D6980A95B}.Release|x64.Build.0 = Release|Any CPU
		{B526C895-C33D-4B8E-8322-101D6980A95B}.Release|x86.ActiveCfg = Release|Any CPU
		{B526C895-C33D-4B8E-8322-101D6980A95B}.Release|x86.Build.0 = Release|Any CPU
	EndGlobalSection
EndGlobal
